github.com/h0oq/hugo-debug-bar v0.0.0-20251116184036-ea16a67be0b0 h1:a9Fa04oN9h1dnnkujxFY3xzLnnQnxPM7j615uebTzVs=
github.com/h0oq/hugo-debug-bar v0.0.0-20251116184036-ea16a67be0b0/go.mod h1:8QvKkP20B430MrNtZRwS7lEyw6JZv2b0bm2fmtNKTCc=
github.com/h0oq/hugo-debug-bar v0.0.0-20251116204912-aacc55e301c3 h1:R9/Ewt59DMF/nQIikkNqhPG34M+l3SVTx73U2YCm1/A=
github.com/h0oq/hugo-debug-bar v0.0.0-20251116204912-aacc55e301c3/go.mod h1:8QvKkP20B430MrNtZRwS7lEyw6JZv2b0bm2fmtNKTCc=
github.com/h0oq/hugo-debug-bar v0.0.0-20251116222027-cf37f7f7d119 h1:w/3ECf0tbDp6gFXDbW48/8kGN/hl+BFJcIxWAMmpIxY=
github.com/h0oq/hugo-debug-bar v0.0.0-20251116222027-cf37f7f7d119/go.mod h1:8QvKkP20B430MrNtZRwS7lEyw6JZv2b0bm2fmtNKTCc=
github.com/h0oq/hugo-debug-bar v0.0.0-20251116223716-0abd778ae96c h1:/zFAaeINuRNSzgXOvW+v28SJ1YtgC29xuP1BAf+h+MY=
github.com/h0oq/hugo-debug-bar v0.0.0-20251116223716-0abd778ae96c/go.mod h1:8QvKkP20B430MrNtZRwS7lEyw6JZv2b0bm2fmtNKTCc=
github.com/h0oq/hugo-debug-bar v0.0.0-20251117091550-eb64bdd6a2d7 h1:Y6+cYzduOkAalSUTl3wQ2h4lUQtuB2bt5RD2WM4ndQg=
github.com/h0oq/hugo-debug-bar v0.0.0-20251117091550-eb64bdd6a2d7/go.mod h1:8QvKkP20B430MrNtZRwS7lEyw6JZv2b0bm2fmtNKTCc=
github.com/h0oq/hugo-debug-bar v0.0.0-20251117105512-34e7ad8ae9f1 h1:ErL55hJa/lZa2ufQz4L7DmYMnD+A/mkdERV1Q5697hg=
github.com/h0oq/hugo-debug-bar v0.0.0-20251117105512-34e7ad8ae9f1/go.mod h1:8QvKkP20B430MrNtZRwS7lEyw6JZv2b0bm2fmtNKTCc=
github.com/h0oq/hugo-debug-bar v0.0.0-20251117151846-591a6696403d h1:lwP1nlmDyjhnUXmmLLWq9dZAFgSRJhsZ9r9WyC3KMWA=
github.com/h0oq/hugo-debug-bar v0.0.0-20251117151846-591a6696403d/go.mod h1:8QvKkP20B430MrNtZRwS7lEyw6JZv2b0bm2fmtNKTCc=
github.com/h0oq/hugo-debug-bar v0.0.0-20251120091844-7bc0d50cc1e2 h1:Qrqa1pGfEOkJ6Wm3ygkJ0mPzVaQMT0IIxsznFzplL4w=
github.com/h0oq/hugo-debug-bar v0.0.0-20251120091844-7bc0d50cc1e2/go.mod h1:8QvKkP20B430MrNtZRwS7lEyw6JZv2b0bm2fmtNKTCc=
